
Microsoft Visual Studio Solution File, Format Version 12.00
# Visual Studio Version 17
VisualStudioVersion = 17.14.36616.10 d17.14
MinimumVisualStudioVersion = 10.0.40219.1
Project("{8BC9CEB8-8B4A-11D0-8D11-00A0C91BC942}") = "Report#2_3", "Report#2_3\Report#2_3.vcxproj", "{C962B82C-B533-46B3-9D28-AED827A14B24}"
EndProject
Global
	GlobalSection(SolutionConfigurationPlatforms) = preSolution
		Debug|x64 = Debug|x64
		Debug|x86 = Debug|x86
		Release|x64 = Release|x64
		Release|x86 = Release|x86
	EndGlobalSection
	GlobalSection(ProjectConfigurationPlatforms) = postSolution
		{C962B82C-B533-46B3-9D28-AED827A14B24}.Debug|x64.ActiveCfg = Debug|x64
		{C962B82C-B533-46B3-9D28-AED827A14B24}.Debug|x64.Build.0 = Debug|x64
		{C962B82C-B533-46B3-9D28-AED827A14B24}.Debug|x86.ActiveCfg = Debug|Win32
		{C962B82C-B533-46B3-9D28-AED827A14B24}.Debug|x86.Build.0 = Debug|Win32
		{C962B82C-B533-46B3-9D28-AED827A14B24}.Release|x64.ActiveCfg = Release|x64
		{C962B82C-B533-46B3-9D28-AED827A14B24}.Release|x64.Build.0 = Release|x64
		{C962B82C-B533-46B3-9D28-AED827A14B24}.Release|x86.ActiveCfg = Release|Win32
		{C962B82C-B533-46B3-9D28-AED827A14B24}.Release|x86.Build.0 = Release|Win32
	EndGlobalSection
	GlobalSection(SolutionProperties) = preSolution
		HideSolutionNode = FALSE
	EndGlobalSection
	GlobalSection(ExtensibilityGlobals) = postSolution
		SolutionGuid = {3053BD51-BF56-4C28-8350-0F56DF5EE1C3}
	EndGlobalSection
EndGlobal
